// !$*UTF8*$!
{
	archiveVersion = 1;
	classes = {
	};
	objectVersion = 50;
	objects = {

/* Begin PBXBuildFile section */
		E80A626522D42855004950FA /* Minder.swift in Sources */ = {isa = PBXBuildFile; fileRef = E80A626422D42855004950FA /* Minder.swift */; };
		E82D516E22A4D446004B1A55 /* MomentPickerViewController.swift in Sources */ = {isa = PBXBuildFile; fileRef = E82D516D22A4D446004B1A55 /* MomentPickerViewController.swift */; };
		E82D517122A4D9D5004B1A55 /* MindersViewController.swift in Sources */ = {isa = PBXBuildFile; fileRef = E82D517022A4D9D5004B1A55 /* MindersViewController.swift */; };
		E82D517322A4DA14004B1A55 /* MinderDetailsViewController.swift in Sources */ = {isa = PBXBuildFile; fileRef = E82D517222A4DA14004B1A55 /* MinderDetailsViewController.swift */; };
		E82D517522A4DBBC004B1A55 /* MinderTableViewCell.swift in Sources */ = {isa = PBXBuildFile; fileRef = E82D517422A4DBBC004B1A55 /* MinderTableViewCell.swift */; };
		FFACFD032296231E0026E8BD /* DynamicDataSource.swift in Sources */ = {isa = PBXBuildFile; fileRef = FFACFCDC2296231E0026E8BD /* DynamicDataSource.swift */; };
		FFACFD042296231E0026E8BD /* Objects.swift in Sources */ = {isa = PBXBuildFile; fileRef = FFACFCDD2296231E0026E8BD /* Objects.swift */; };
		FFACFD052296231E0026E8BD /* DataSourceStatic.swift in Sources */ = {isa = PBXBuildFile; fileRef = FFACFCDE2296231E0026E8BD /* DataSourceStatic.swift */; };
		FFACFD062296231E0026E8BD /* ClassifiedGesture+CoreDataClass.swift in Sources */ = {isa = PBXBuildFile; fileRef = FFACFCE02296231E0026E8BD /* ClassifiedGesture+CoreDataClass.swift */; };
		FFACFD072296231E0026E8BD /* ClassifiedGesturee.swift in Sources */ = {isa = PBXBuildFile; fileRef = FFACFCE12296231E0026E8BD /* ClassifiedGesturee.swift */; };
		FFACFD082296231E0026E8BD /* ClassifiedGesture+CoreDataProperties.swift in Sources */ = {isa = PBXBuildFile; fileRef = FFACFCE22296231E0026E8BD /* ClassifiedGesture+CoreDataProperties.swift */; };
		FFACFD092296231E0026E8BD /* ClassifyViewController.swift in Sources */ = {isa = PBXBuildFile; fileRef = FFACFCE32296231E0026E8BD /* ClassifyViewController.swift */; };
		FFACFD0A2296231E0026E8BD /* ClassifiedGestureTableViewCell.swift in Sources */ = {isa = PBXBuildFile; fileRef = FFACFCE42296231E0026E8BD /* ClassifiedGestureTableViewCell.swift */; };
		FFACFD0B2296231E0026E8BD /* Moment+CoreDataProperties.swift in Sources */ = {isa = PBXBuildFile; fileRef = FFACFCE62296231E0026E8BD /* Moment+CoreDataProperties.swift */; };
		FFACFD0C2296231E0026E8BD /* MomentTableViewCell.swift in Sources */ = {isa = PBXBuildFile; fileRef = FFACFCE72296231E0026E8BD /* MomentTableViewCell.swift */; };
		FFACFD0D2296231E0026E8BD /* MomentDetailsViewController.swift in Sources */ = {isa = PBXBuildFile; fileRef = FFACFCE82296231E0026E8BD /* MomentDetailsViewController.swift */; };
		FFACFD0E2296231E0026E8BD /* Moment+CoreDataClass.swift in Sources */ = {isa = PBXBuildFile; fileRef = FFACFCE92296231E0026E8BD /* Moment+CoreDataClass.swift */; };
		FFACFD0F2296231E0026E8BD /* Assets.xcassets in Resources */ = {isa = PBXBuildFile; fileRef = FFACFCEA2296231E0026E8BD /* Assets.xcassets */; };
		FFACFD102296231E0026E8BD /* GestureData+CoreDataProperties.swift in Sources */ = {isa = PBXBuildFile; fileRef = FFACFCEB2296231E0026E8BD /* GestureData+CoreDataProperties.swift */; };
		FFACFD112296231E0026E8BD /* LaunchScreen.storyboard in Resources */ = {isa = PBXBuildFile; fileRef = FFACFCEC2296231E0026E8BD /* LaunchScreen.storyboard */; };
		FFACFD122296231E0026E8BD /* Main.storyboard in Resources */ = {isa = PBXBuildFile; fileRef = FFACFCEE2296231E0026E8BD /* Main.storyboard */; };
		FFACFD142296231E0026E8BD /* GestureDetailsViewController.swift in Sources */ = {isa = PBXBuildFile; fileRef = FFACFCF32296231E0026E8BD /* GestureDetailsViewController.swift */; };
		FFACFD152296231E0026E8BD /* Gestures.swift in Sources */ = {isa = PBXBuildFile; fileRef = FFACFCF42296231E0026E8BD /* Gestures.swift */; };
		FFACFD162296231E0026E8BD /* Gesture+CoreDataProperties.swift in Sources */ = {isa = PBXBuildFile; fileRef = FFACFCF52296231E0026E8BD /* Gesture+CoreDataProperties.swift */; };
		FFACFD172296231E0026E8BD /* PlaceTableViewCell.swift in Sources */ = {isa = PBXBuildFile; fileRef = FFACFCF62296231E0026E8BD /* PlaceTableViewCell.swift */; };
		FFACFD182296231E0026E8BD /* SelectPlaceTableViewController.swift in Sources */ = {isa = PBXBuildFile; fileRef = FFACFCF72296231E0026E8BD /* SelectPlaceTableViewController.swift */; };
		FFACFD192296231E0026E8BD /* Gesture+CoreDataClass.swift in Sources */ = {isa = PBXBuildFile; fileRef = FFACFCF82296231E0026E8BD /* Gesture+CoreDataClass.swift */; };
		FFACFD1A2296231E0026E8BD /* GesturesViewController.swift in Sources */ = {isa = PBXBuildFile; fileRef = FFACFCF92296231E0026E8BD /* GesturesViewController.swift */; };
		FFACFD1B2296231E0026E8BD /* SearchPlaceViewController.swift in Sources */ = {isa = PBXBuildFile; fileRef = FFACFCFA2296231E0026E8BD /* SearchPlaceViewController.swift */; };
		FFACFD1C2296231E0026E8BD /* GestureTableViewCell.swift in Sources */ = {isa = PBXBuildFile; fileRef = FFACFCFB2296231E0026E8BD /* GestureTableViewCell.swift */; };
		FFACFD1E2296231E0026E8BD /* GestureData+CoreDataClass.swift in Sources */ = {isa = PBXBuildFile; fileRef = FFACFCFD2296231E0026E8BD /* GestureData+CoreDataClass.swift */; };
		FFACFD1F2296231E0026E8BD /* AppDelegate.swift in Sources */ = {isa = PBXBuildFile; fileRef = FFACFCFE2296231E0026E8BD /* AppDelegate.swift */; };
		FFACFD212296231E0026E8BD /* ExoEarController.swift in Sources */ = {isa = PBXBuildFile; fileRef = FFACFD012296231E0026E8BD /* ExoEarController.swift */; };
		FFACFD23229623670026E8BD /* ByteIt.xcdatamodeld in Sources */ = {isa = PBXBuildFile; fileRef = FFACFCF02296231E0026E8BD /* ByteIt.xcdatamodeld */; };
		FFACFD2522962B440026E8BD /* MapDataSource.swift in Sources */ = {isa = PBXBuildFile; fileRef = FFACFD2422962B440026E8BD /* MapDataSource.swift */; };
		FFACFD2722962BA40026E8BD /* MomentsViewController.swift in Sources */ = {isa = PBXBuildFile; fileRef = FFACFD2622962BA40026E8BD /* MomentsViewController.swift */; };
		FFACFD2922962C0F0026E8BD /* SensorPickerViewController.swift in Sources */ = {isa = PBXBuildFile; fileRef = FFACFD2822962C0F0026E8BD /* SensorPickerViewController.swift */; };
/* End PBXBuildFile section */

/* Begin PBXContainerItemProxy section */
		00CD72992194CEAC0063DC56 /* PBXContainerItemProxy */ = {
			isa = PBXContainerItemProxy;
			containerPortal = 00CD72792194CEA00063DC56 /* Project object */;
			proxyType = 1;
			remoteGlobalIDString = 00CD72802194CEA00063DC56;
			remoteInfo = GestureiOS;
		};
		00CD72A42194CEAC0063DC56 /* PBXContainerItemProxy */ = {
			isa = PBXContainerItemProxy;
			containerPortal = 00CD72792194CEA00063DC56 /* Project object */;
			proxyType = 1;
			remoteGlobalIDString = 00CD72802194CEA00063DC56;
			remoteInfo = GestureiOS;
		};
/* End PBXContainerItemProxy section */

/* Begin PBXFileReference section */
		00CD72812194CEA10063DC56 /* ByteItApp.app */ = {isa = PBXFileReference; explicitFileType = wrapper.application; includeInIndex = 0; path = ByteItApp.app; sourceTree = BUILT_PRODUCTS_DIR; };
		00CD72982194CEAC0063DC56 /* ByteItAppTests.xctest */ = {isa = PBXFileReference; explicitFileType = wrapper.cfbundle; includeInIndex = 0; path = ByteItAppTests.xctest; sourceTree = BUILT_PRODUCTS_DIR; };
		00CD72A32194CEAC0063DC56 /* ByteItAppUITests.xctest */ = {isa = PBXFileReference; explicitFileType = wrapper.cfbundle; includeInIndex = 0; path = ByteItAppUITests.xctest; sourceTree = BUILT_PRODUCTS_DIR; };
		E80A626422D42855004950FA /* Minder.swift */ = {isa = PBXFileReference; lastKnownFileType = sourcecode.swift; path = Minder.swift; sourceTree = "<group>"; };
		E82D516D22A4D446004B1A55 /* MomentPickerViewController.swift */ = {isa = PBXFileReference; lastKnownFileType = sourcecode.swift; path = MomentPickerViewController.swift; sourceTree = "<group>"; };
		E82D517022A4D9D5004B1A55 /* MindersViewController.swift */ = {isa = PBXFileReference; lastKnownFileType = sourcecode.swift; path = MindersViewController.swift; sourceTree = "<group>"; };
		E82D517222A4DA14004B1A55 /* MinderDetailsViewController.swift */ = {isa = PBXFileReference; lastKnownFileType = sourcecode.swift; path = MinderDetailsViewController.swift; sourceTree = "<group>"; };
		E82D517422A4DBBC004B1A55 /* MinderTableViewCell.swift */ = {isa = PBXFileReference; lastKnownFileType = sourcecode.swift; path = MinderTableViewCell.swift; sourceTree = "<group>"; };
		FFACFCDC2296231E0026E8BD /* DynamicDataSource.swift */ = {isa = PBXFileReference; fileEncoding = 4; lastKnownFileType = sourcecode.swift; path = DynamicDataSource.swift; sourceTree = "<group>"; };
		FFACFCDD2296231E0026E8BD /* Objects.swift */ = {isa = PBXFileReference; fileEncoding = 4; lastKnownFileType = sourcecode.swift; path = Objects.swift; sourceTree = "<group>"; };
		FFACFCDE2296231E0026E8BD /* DataSourceStatic.swift */ = {isa = PBXFileReference; fileEncoding = 4; lastKnownFileType = sourcecode.swift; path = DataSourceStatic.swift; sourceTree = "<group>"; };
		FFACFCE02296231E0026E8BD /* ClassifiedGesture+CoreDataClass.swift */ = {isa = PBXFileReference; fileEncoding = 4; lastKnownFileType = sourcecode.swift; path = "ClassifiedGesture+CoreDataClass.swift"; sourceTree = "<group>"; };
		FFACFCE12296231E0026E8BD /* ClassifiedGesturee.swift */ = {isa = PBXFileReference; fileEncoding = 4; lastKnownFileType = sourcecode.swift; path = ClassifiedGesturee.swift; sourceTree = "<group>"; };
		FFACFCE22296231E0026E8BD /* ClassifiedGesture+CoreDataProperties.swift */ = {isa = PBXFileReference; fileEncoding = 4; lastKnownFileType = sourcecode.swift; path = "ClassifiedGesture+CoreDataProperties.swift"; sourceTree = "<group>"; };
		FFACFCE32296231E0026E8BD /* ClassifyViewController.swift */ = {isa = PBXFileReference; fileEncoding = 4; lastKnownFileType = sourcecode.swift; path = ClassifyViewController.swift; sourceTree = "<group>"; };
		FFACFCE42296231E0026E8BD /* ClassifiedGestureTableViewCell.swift */ = {isa = PBXFileReference; fileEncoding = 4; lastKnownFileType = sourcecode.swift; path = ClassifiedGestureTableViewCell.swift; sourceTree = "<group>"; };
		FFACFCE62296231E0026E8BD /* Moment+CoreDataProperties.swift */ = {isa = PBXFileReference; fileEncoding = 4; lastKnownFileType = sourcecode.swift; path = "Moment+CoreDataProperties.swift"; sourceTree = "<group>"; };
		FFACFCE72296231E0026E8BD /* MomentTableViewCell.swift */ = {isa = PBXFileReference; fileEncoding = 4; lastKnownFileType = sourcecode.swift; path = MomentTableViewCell.swift; sourceTree = "<group>"; };
		FFACFCE82296231E0026E8BD /* MomentDetailsViewController.swift */ = {isa = PBXFileReference; fileEncoding = 4; lastKnownFileType = sourcecode.swift; path = MomentDetailsViewController.swift; sourceTree = "<group>"; };
		FFACFCE92296231E0026E8BD /* Moment+CoreDataClass.swift */ = {isa = PBXFileReference; fileEncoding = 4; lastKnownFileType = sourcecode.swift; path = "Moment+CoreDataClass.swift"; sourceTree = "<group>"; };
		FFACFCEA2296231E0026E8BD /* Assets.xcassets */ = {isa = PBXFileReference; lastKnownFileType = folder.assetcatalog; path = Assets.xcassets; sourceTree = "<group>"; };
		FFACFCEB2296231E0026E8BD /* GestureData+CoreDataProperties.swift */ = {isa = PBXFileReference; fileEncoding = 4; lastKnownFileType = sourcecode.swift; path = "GestureData+CoreDataProperties.swift"; sourceTree = "<group>"; };
		FFACFCED2296231E0026E8BD /* Base */ = {isa = PBXFileReference; lastKnownFileType = file.storyboard; name = Base; path = Base.lproj/LaunchScreen.storyboard; sourceTree = "<group>"; };
		FFACFCEF2296231E0026E8BD /* Base */ = {isa = PBXFileReference; lastKnownFileType = file.storyboard; name = Base; path = Base.lproj/Main.storyboard; sourceTree = "<group>"; };
		FFACFCF12296231E0026E8BD /* GestureiOS.xcdatamodel */ = {isa = PBXFileReference; lastKnownFileType = wrapper.xcdatamodel; path = GestureiOS.xcdatamodel; sourceTree = "<group>"; };
		FFACFCF32296231E0026E8BD /* GestureDetailsViewController.swift */ = {isa = PBXFileReference; fileEncoding = 4; lastKnownFileType = sourcecode.swift; path = GestureDetailsViewController.swift; sourceTree = "<group>"; };
		FFACFCF42296231E0026E8BD /* Gestures.swift */ = {isa = PBXFileReference; fileEncoding = 4; lastKnownFileType = sourcecode.swift; path = Gestures.swift; sourceTree = "<group>"; };
		FFACFCF52296231E0026E8BD /* Gesture+CoreDataProperties.swift */ = {isa = PBXFileReference; fileEncoding = 4; lastKnownFileType = sourcecode.swift; path = "Gesture+CoreDataProperties.swift"; sourceTree = "<group>"; };
		FFACFCF62296231E0026E8BD /* PlaceTableViewCell.swift */ = {isa = PBXFileReference; fileEncoding = 4; lastKnownFileType = sourcecode.swift; path = PlaceTableViewCell.swift; sourceTree = "<group>"; };
		FFACFCF72296231E0026E8BD /* SelectPlaceTableViewController.swift */ = {isa = PBXFileReference; fileEncoding = 4; lastKnownFileType = sourcecode.swift; path = SelectPlaceTableViewController.swift; sourceTree = "<group>"; };
		FFACFCF82296231E0026E8BD /* Gesture+CoreDataClass.swift */ = {isa = PBXFileReference; fileEncoding = 4; lastKnownFileType = sourcecode.swift; path = "Gesture+CoreDataClass.swift"; sourceTree = "<group>"; };
		FFACFCF92296231E0026E8BD /* GesturesViewController.swift */ = {isa = PBXFileReference; fileEncoding = 4; lastKnownFileType = sourcecode.swift; path = GesturesViewController.swift; sourceTree = "<group>"; };
		FFACFCFA2296231E0026E8BD /* SearchPlaceViewController.swift */ = {isa = PBXFileReference; fileEncoding = 4; lastKnownFileType = sourcecode.swift; path = SearchPlaceViewController.swift; sourceTree = "<group>"; };
		FFACFCFB2296231E0026E8BD /* GestureTableViewCell.swift */ = {isa = PBXFileReference; fileEncoding = 4; lastKnownFileType = sourcecode.swift; path = GestureTableViewCell.swift; sourceTree = "<group>"; };
		FFACFCFD2296231E0026E8BD /* GestureData+CoreDataClass.swift */ = {isa = PBXFileReference; fileEncoding = 4; lastKnownFileType = sourcecode.swift; path = "GestureData+CoreDataClass.swift"; sourceTree = "<group>"; };
		FFACFCFE2296231E0026E8BD /* AppDelegate.swift */ = {isa = PBXFileReference; fileEncoding = 4; lastKnownFileType = sourcecode.swift; path = AppDelegate.swift; sourceTree = "<group>"; };
		FFACFD012296231E0026E8BD /* ExoEarController.swift */ = {isa = PBXFileReference; fileEncoding = 4; lastKnownFileType = sourcecode.swift; path = ExoEarController.swift; sourceTree = "<group>"; };
		FFACFD022296231E0026E8BD /* Info.plist */ = {isa = PBXFileReference; fileEncoding = 4; lastKnownFileType = text.plist.xml; path = Info.plist; sourceTree = "<group>"; };
		FFACFD2422962B440026E8BD /* MapDataSource.swift */ = {isa = PBXFileReference; fileEncoding = 4; lastKnownFileType = sourcecode.swift; path = MapDataSource.swift; sourceTree = "<group>"; };
		FFACFD2622962BA40026E8BD /* MomentsViewController.swift */ = {isa = PBXFileReference; fileEncoding = 4; lastKnownFileType = sourcecode.swift; path = MomentsViewController.swift; sourceTree = "<group>"; };
		FFACFD2822962C0F0026E8BD /* SensorPickerViewController.swift */ = {isa = PBXFileReference; fileEncoding = 4; lastKnownFileType = sourcecode.swift; path = SensorPickerViewController.swift; sourceTree = "<group>"; };
/* End PBXFileReference section */

/* Begin PBXFrameworksBuildPhase section */
		00CD727E2194CEA00063DC56 /* Frameworks */ = {
			isa = PBXFrameworksBuildPhase;
			buildActionMask = 2147483647;
			files = (
			);
			runOnlyForDeploymentPostprocessing = 0;
		};
		00CD72952194CEAC0063DC56 /* Frameworks */ = {
			isa = PBXFrameworksBuildPhase;
			buildActionMask = 2147483647;
			files = (
			);
			runOnlyForDeploymentPostprocessing = 0;
		};
		00CD72A02194CEAC0063DC56 /* Frameworks */ = {
			isa = PBXFrameworksBuildPhase;
			buildActionMask = 2147483647;
			files = (
			);
			runOnlyForDeploymentPostprocessing = 0;
		};
/* End PBXFrameworksBuildPhase section */

/* Begin PBXGroup section */
		00CD72782194CEA00063DC56 = {
			isa = PBXGroup;
			children = (
				FFACFCDB2296231E0026E8BD /* ByteItApp */,
				00CD72822194CEA10063DC56 /* Products */,
			);
			sourceTree = "<group>";
		};
		00CD72822194CEA10063DC56 /* Products */ = {
			isa = PBXGroup;
			children = (
				00CD72812194CEA10063DC56 /* ByteItApp.app */,
				00CD72982194CEAC0063DC56 /* ByteItAppTests.xctest */,
				00CD72A32194CEAC0063DC56 /* ByteItAppUITests.xctest */,
			);
			name = Products;
			sourceTree = "<group>";
		};
		E82D516F22A4D9BF004B1A55 /* Minders */ = {
			isa = PBXGroup;
			children = (
				E82D517022A4D9D5004B1A55 /* MindersViewController.swift */,
				E82D517222A4DA14004B1A55 /* MinderDetailsViewController.swift */,
				E82D517422A4DBBC004B1A55 /* MinderTableViewCell.swift */,
				E82D516D22A4D446004B1A55 /* MomentPickerViewController.swift */,
				E80A626422D42855004950FA /* Minder.swift */,
			);
			path = Minders;
			sourceTree = "<group>";
		};
		FFACFCDB2296231E0026E8BD /* ByteItApp */ = {
			isa = PBXGroup;
			children = (
				E82D516F22A4D9BF004B1A55 /* Minders */,
				FFACFCDC2296231E0026E8BD /* DynamicDataSource.swift */,
				FFACFCDD2296231E0026E8BD /* Objects.swift */,
				FFACFCDE2296231E0026E8BD /* DataSourceStatic.swift */,
				FFACFCDF2296231E0026E8BD /* Classify */,
				FFACFCE52296231E0026E8BD /* Moment */,
				FFACFCEA2296231E0026E8BD /* Assets.xcassets */,
				FFACFCEC2296231E0026E8BD /* LaunchScreen.storyboard */,
				FFACFCEE2296231E0026E8BD /* Main.storyboard */,
				FFACFCF02296231E0026E8BD /* ByteIt.xcdatamodeld */,
				FFACFCF22296231E0026E8BD /* Gesture */,
				FFACFCFD2296231E0026E8BD /* GestureData+CoreDataClass.swift */,
				FFACFCEB2296231E0026E8BD /* GestureData+CoreDataProperties.swift */,
				FFACFCFE2296231E0026E8BD /* AppDelegate.swift */,
				FFACFD012296231E0026E8BD /* ExoEarController.swift */,
				FFACFD022296231E0026E8BD /* Info.plist */,
			);
			path = ByteItApp;
			sourceTree = "<group>";
		};
		FFACFCDF2296231E0026E8BD /* Classify */ = {
			isa = PBXGroup;
			children = (
				FFACFCE02296231E0026E8BD /* ClassifiedGesture+CoreDataClass.swift */,
				FFACFCE22296231E0026E8BD /* ClassifiedGesture+CoreDataProperties.swift */,
				FFACFCE12296231E0026E8BD /* ClassifiedGesturee.swift */,
				FFACFCE32296231E0026E8BD /* ClassifyViewController.swift */,
				FFACFCE42296231E0026E8BD /* ClassifiedGestureTableViewCell.swift */,
			);
			path = Classify;
			sourceTree = "<group>";
		};
		FFACFCE52296231E0026E8BD /* Moment */ = {
			isa = PBXGroup;
			children = (
				FFACFD2622962BA40026E8BD /* MomentsViewController.swift */,
				FFACFD2422962B440026E8BD /* MapDataSource.swift */,
				FFACFCF62296231E0026E8BD /* PlaceTableViewCell.swift */,
				FFACFCF72296231E0026E8BD /* SelectPlaceTableViewController.swift */,
				FFACFCFA2296231E0026E8BD /* SearchPlaceViewController.swift */,
				FFACFCE62296231E0026E8BD /* Moment+CoreDataProperties.swift */,
				FFACFCE72296231E0026E8BD /* MomentTableViewCell.swift */,
				FFACFCE82296231E0026E8BD /* MomentDetailsViewController.swift */,
				FFACFCE92296231E0026E8BD /* Moment+CoreDataClass.swift */,
			);
			path = Moment;
			sourceTree = "<group>";
		};
		FFACFCF22296231E0026E8BD /* Gesture */ = {
			isa = PBXGroup;
			children = (
				FFACFD2822962C0F0026E8BD /* SensorPickerViewController.swift */,
				FFACFCF32296231E0026E8BD /* GestureDetailsViewController.swift */,
				FFACFCF42296231E0026E8BD /* Gestures.swift */,
				FFACFCF52296231E0026E8BD /* Gesture+CoreDataProperties.swift */,
				FFACFCF82296231E0026E8BD /* Gesture+CoreDataClass.swift */,
				FFACFCF92296231E0026E8BD /* GesturesViewController.swift */,
				FFACFCFB2296231E0026E8BD /* GestureTableViewCell.swift */,
			);
			path = Gesture;
			sourceTree = "<group>";
		};
/* End PBXGroup section */

/* Begin PBXNativeTarget section */
		00CD72802194CEA00063DC56 /* ByteItApp */ = {
			isa = PBXNativeTarget;
			buildConfigurationList = 00CD72AC2194CEAC0063DC56 /* Build configuration list for PBXNativeTarget "ByteItApp" */;
			buildPhases = (
				00CD727D2194CEA00063DC56 /* Sources */,
				00CD727E2194CEA00063DC56 /* Frameworks */,
				00CD727F2194CEA00063DC56 /* Resources */,
			);
			buildRules = (
			);
			dependencies = (
			);
			name = ByteItApp;
			productName = GestureiOS;
			productReference = 00CD72812194CEA10063DC56 /* ByteItApp.app */;
			productType = "com.apple.product-type.application";
		};
		00CD72972194CEAC0063DC56 /* ByteItAppTests */ = {
			isa = PBXNativeTarget;
			buildConfigurationList = 00CD72AF2194CEAC0063DC56 /* Build configuration list for PBXNativeTarget "ByteItAppTests" */;
			buildPhases = (
				00CD72942194CEAC0063DC56 /* Sources */,
				00CD72952194CEAC0063DC56 /* Frameworks */,
				00CD72962194CEAC0063DC56 /* Resources */,
			);
			buildRules = (
			);
			dependencies = (
				00CD729A2194CEAC0063DC56 /* PBXTargetDependency */,
			);
			name = ByteItAppTests;
			productName = GestureiOSTests;
			productReference = 00CD72982194CEAC0063DC56 /* ByteItAppTests.xctest */;
			productType = "com.apple.product-type.bundle.unit-test";
		};
		00CD72A22194CEAC0063DC56 /* ByteItAppUITests */ = {
			isa = PBXNativeTarget;
			buildConfigurationList = 00CD72B22194CEAC0063DC56 /* Build configuration list for PBXNativeTarget "ByteItAppUITests" */;
			buildPhases = (
				00CD729F2194CEAC0063DC56 /* Sources */,
				00CD72A02194CEAC0063DC56 /* Frameworks */,
				00CD72A12194CEAC0063DC56 /* Resources */,
			);
			buildRules = (
			);
			dependencies = (
				00CD72A52194CEAC0063DC56 /* PBXTargetDependency */,
			);
			name = ByteItAppUITests;
			productName = GestureiOSUITests;
			productReference = 00CD72A32194CEAC0063DC56 /* ByteItAppUITests.xctest */;
			productType = "com.apple.product-type.bundle.ui-testing";
		};
/* End PBXNativeTarget section */

/* Begin PBXProject section */
		00CD72792194CEA00063DC56 /* Project object */ = {
			isa = PBXProject;
			attributes = {
				LastSwiftUpdateCheck = 1010;
				LastUpgradeCheck = 1010;
				ORGANIZATIONNAME = fluid;
				TargetAttributes = {
					00CD72802194CEA00063DC56 = {
						CreatedOnToolsVersion = 10.1;
					};
					00CD72972194CEAC0063DC56 = {
						CreatedOnToolsVersion = 10.1;
						TestTargetID = 00CD72802194CEA00063DC56;
					};
					00CD72A22194CEAC0063DC56 = {
						CreatedOnToolsVersion = 10.1;
						TestTargetID = 00CD72802194CEA00063DC56;
					};
				};
			};
			buildConfigurationList = 00CD727C2194CEA00063DC56 /* Build configuration list for PBXProject "ByteItApp" */;
			compatibilityVersion = "Xcode 9.3";
			developmentRegion = en;
			hasScannedForEncodings = 0;
			knownRegions = (
				en,
				Base,
			);
			mainGroup = 00CD72782194CEA00063DC56;
			productRefGroup = 00CD72822194CEA10063DC56 /* Products */;
			projectDirPath = "";
			projectRoot = "";
			targets = (
				00CD72802194CEA00063DC56 /* ByteItApp */,
				00CD72972194CEAC0063DC56 /* ByteItAppTests */,
				00CD72A22194CEAC0063DC56 /* ByteItAppUITests */,
			);
		};
/* End PBXProject section */

/* Begin PBXResourcesBuildPhase section */
		00CD727F2194CEA00063DC56 /* Resources */ = {
			isa = PBXResourcesBuildPhase;
			buildActionMask = 2147483647;
			files = (
				FFACFD122296231E0026E8BD /* Main.storyboard in Resources */,
				FFACFD0F2296231E0026E8BD /* Assets.xcassets in Resources */,
				FFACFD112296231E0026E8BD /* LaunchScreen.storyboard in Resources */,
			);
			runOnlyForDeploymentPostprocessing = 0;
		};
		00CD72962194CEAC0063DC56 /* Resources */ = {
			isa = PBXResourcesBuildPhase;
			buildActionMask = 2147483647;
			files = (
			);
			runOnlyForDeploymentPostprocessing = 0;
		};
		00CD72A12194CEAC0063DC56 /* Resources */ = {
			isa = PBXResourcesBuildPhase;
			buildActionMask = 2147483647;
			files = (
			);
			runOnlyForDeploymentPostprocessing = 0;
		};
/* End PBXResourcesBuildPhase section */

/* Begin PBXSourcesBuildPhase section */
		00CD727D2194CEA00063DC56 /* Sources */ = {
			isa = PBXSourcesBuildPhase;
			buildActionMask = 2147483647;
			files = (
				E82D517322A4DA14004B1A55 /* MinderDetailsViewController.swift in Sources */,
				FFACFD23229623670026E8BD /* ByteIt.xcdatamodeld in Sources */,
				FFACFD0A2296231E0026E8BD /* ClassifiedGestureTableViewCell.swift in Sources */,
				FFACFD142296231E0026E8BD /* GestureDetailsViewController.swift in Sources */,
				FFACFD042296231E0026E8BD /* Objects.swift in Sources */,
				FFACFD032296231E0026E8BD /* DynamicDataSource.swift in Sources */,
				FFACFD062296231E0026E8BD /* ClassifiedGesture+CoreDataClass.swift in Sources */,
				FFACFD052296231E0026E8BD /* DataSourceStatic.swift in Sources */,
				E80A626522D42855004950FA /* Minder.swift in Sources */,
				FFACFD0D2296231E0026E8BD /* MomentDetailsViewController.swift in Sources */,
				FFACFD0C2296231E0026E8BD /* MomentTableViewCell.swift in Sources */,
				FFACFD1F2296231E0026E8BD /* AppDelegate.swift in Sources */,
				FFACFD082296231E0026E8BD /* ClassifiedGesture+CoreDataProperties.swift in Sources */,
				FFACFD2522962B440026E8BD /* MapDataSource.swift in Sources */,
				FFACFD162296231E0026E8BD /* Gesture+CoreDataProperties.swift in Sources */,
				FFACFD1B2296231E0026E8BD /* SearchPlaceViewController.swift in Sources */,
				FFACFD1E2296231E0026E8BD /* GestureData+CoreDataClass.swift in Sources */,
				FFACFD212296231E0026E8BD /* ExoEarController.swift in Sources */,
				FFACFD072296231E0026E8BD /* ClassifiedGesturee.swift in Sources */,
				FFACFD1A2296231E0026E8BD /* GesturesViewController.swift in Sources */,
				FFACFD1C2296231E0026E8BD /* GestureTableViewCell.swift in Sources */,
				FFACFD172296231E0026E8BD /* PlaceTableViewCell.swift in Sources */,
				E82D516E22A4D446004B1A55 /* MomentPickerViewController.swift in Sources */,
				E82D517522A4DBBC004B1A55 /* MinderTableViewCell.swift in Sources */,
				FFACFD2922962C0F0026E8BD /* SensorPickerViewController.swift in Sources */,
				FFACFD0E2296231E0026E8BD /* Moment+CoreDataClass.swift in Sources */,
				FFACFD192296231E0026E8BD /* Gesture+CoreDataClass.swift in Sources */,
				E82D517122A4D9D5004B1A55 /* MindersViewController.swift in Sources */,
				FFACFD152296231E0026E8BD /* Gestures.swift in Sources */,
				FFACFD092296231E0026E8BD /* ClassifyViewController.swift in Sources */,
				FFACFD2722962BA40026E8BD /* MomentsViewController.swift in Sources */,
				FFACFD182296231E0026E8BD /* SelectPlaceTableViewController.swift in Sources */,
				FFACFD0B2296231E0026E8BD /* Moment+CoreDataProperties.swift in Sources */,
				FFACFD102296231E0026E8BD /* GestureData+CoreDataProperties.swift in Sources */,
			);
			runOnlyForDeploymentPostprocessing = 0;
		};
		00CD72942194CEAC0063DC56 /* Sources */ = {
			isa = PBXSourcesBuildPhase;
			buildActionMask = 2147483647;
			files = (
			);
			runOnlyForDeploymentPostprocessing = 0;
		};
		00CD729F2194CEAC0063DC56 /* Sources */ = {
			isa = PBXSourcesBuildPhase;
			buildActionMask = 2147483647;
			files = (
			);
			runOnlyForDeploymentPostprocessing = 0;
		};
/* End PBXSourcesBuildPhase section */

/* Begin PBXTargetDependency section */
		00CD729A2194CEAC0063DC56 /* PBXTargetDependency */ = {
			isa = PBXTargetDependency;
			target = 00CD72802194CEA00063DC56 /* ByteItApp */;
			targetProxy = 00CD72992194CEAC0063DC56 /* PBXContainerItemProxy */;
		};
		00CD72A52194CEAC0063DC56 /* PBXTargetDependency */ = {
			isa = PBXTargetDependency;
			target = 00CD72802194CEA00063DC56 /* ByteItApp */;
			targetProxy = 00CD72A42194CEAC0063DC56 /* PBXContainerItemProxy */;
		};
/* End PBXTargetDependency section */

/* Begin PBXVariantGroup section */
		FFACFCEC2296231E0026E8BD /* LaunchScreen.storyboard */ = {
			isa = PBXVariantGroup;
			children = (
				FFACFCED2296231E0026E8BD /* Base */,
			);
			name = LaunchScreen.storyboard;
			sourceTree = "<group>";
		};
		FFACFCEE2296231E0026E8BD /* Main.storyboard */ = {
			isa = PBXVariantGroup;
			children = (
				FFACFCEF2296231E0026E8BD /* Base */,
			);
			name = Main.storyboard;
			sourceTree = "<group>";
		};
/* End PBXVariantGroup section */

/* Begin XCBuildConfiguration section */
		00CD72AA2194CEAC0063DC56 /* Debug */ = {
			isa = XCBuildConfiguration;
			buildSettings = {
				ALWAYS_SEARCH_USER_PATHS = NO;
				CLANG_ANALYZER_NONNULL = YES;
				CLANG_ANALYZER_NUMBER_OBJECT_CONVERSION = YES_AGGRESSIVE;
				CLANG_CXX_LANGUAGE_STANDARD = "gnu++14";
				CLANG_CXX_LIBRARY = "libc++";
				CLANG_ENABLE_MODULES = YES;
				CLANG_ENABLE_OBJC_ARC = YES;
				CLANG_ENABLE_OBJC_WEAK = YES;
				CLANG_WARN_BLOCK_CAPTURE_AUTORELEASING = YES;
				CLANG_WARN_BOOL_CONVERSION = YES;
				CLANG_WARN_COMMA = YES;
				CLANG_WARN_CONSTANT_CONVERSION = YES;
				CLANG_WARN_DEPRECATED_OBJC_IMPLEMENTATIONS = YES;
				CLANG_WARN_DIRECT_OBJC_ISA_USAGE = YES_ERROR;
				CLANG_WARN_DOCUMENTATION_COMMENTS = YES;
				CLANG_WARN_EMPTY_BODY = YES;
				CLANG_WARN_ENUM_CONVERSION = YES;
				CLANG_WARN_INFINITE_RECURSION = YES;
				CLANG_WARN_INT_CONVERSION = YES;
				CLANG_WARN_NON_LITERAL_NULL_CONVERSION = YES;
				CLANG_WARN_OBJC_IMPLICIT_RETAIN_SELF = YES;
				CLANG_WARN_OBJC_LITERAL_CONVERSION = YES;
				CLANG_WARN_OBJC_ROOT_CLASS = YES_ERROR;
				CLANG_WARN_RANGE_LOOP_ANALYSIS = YES;
				CLANG_WARN_STRICT_PROTOTYPES = YES;
				CLANG_WARN_SUSPICIOUS_MOVE = YES;
				CLANG_WARN_UNGUARDED_AVAILABILITY = YES_AGGRESSIVE;
				CLANG_WARN_UNREACHABLE_CODE = YES;
				CLANG_WARN__DUPLICATE_METHOD_MATCH = YES;
				CODE_SIGN_IDENTITY = "iPhone Developer";
				COPY_PHASE_STRIP = NO;
				DEBUG_INFORMATION_FORMAT = dwarf;
				ENABLE_STRICT_OBJC_MSGSEND = YES;
				ENABLE_TESTABILITY = YES;
				GCC_C_LANGUAGE_STANDARD = gnu11;
				GCC_DYNAMIC_NO_PIC = NO;
				GCC_NO_COMMON_BLOCKS = YES;
				GCC_OPTIMIZATION_LEVEL = 0;
				GCC_PREPROCESSOR_DEFINITIONS = (
					"DEBUG=1",
					"$(inherited)",
				);
				GCC_WARN_64_TO_32_BIT_CONVERSION = YES;
				GCC_WARN_ABOUT_RETURN_TYPE = YES_ERROR;
				GCC_WARN_UNDECLARED_SELECTOR = YES;
				GCC_WARN_UNINITIALIZED_AUTOS = YES_AGGRESSIVE;
				GCC_WARN_UNUSED_FUNCTION = YES;
				GCC_WARN_UNUSED_VARIABLE = YES;
				IPHONEOS_DEPLOYMENT_TARGET = 12.1;
				MTL_ENABLE_DEBUG_INFO = INCLUDE_SOURCE;
				MTL_FAST_MATH = YES;
				ONLY_ACTIVE_ARCH = YES;
				SDKROOT = iphoneos;
				SWIFT_ACTIVE_COMPILATION_CONDITIONS = DEBUG;
				SWIFT_OPTIMIZATION_LEVEL = "-Onone";
			};
			name = Debug;
		};
		00CD72AB2194CEAC0063DC56 /* Release */ = {
			isa = XCBuildConfiguration;
			buildSettings = {
				ALWAYS_SEARCH_USER_PATHS = NO;
				CLANG_ANALYZER_NONNULL = YES;
				CLANG_ANALYZER_NUMBER_OBJECT_CONVERSION = YES_AGGRESSIVE;
				CLANG_CXX_LANGUAGE_STANDARD = "gnu++14";
				CLANG_CXX_LIBRARY = "libc++";
				CLANG_ENABLE_MODULES = YES;
				CLANG_ENABLE_OBJC_ARC = YES;
				CLANG_ENABLE_OBJC_WEAK = YES;
				CLANG_WARN_BLOCK_CAPTURE_AUTORELEASING = YES;
				CLANG_WARN_BOOL_CONVERSION = YES;
				CLANG_WARN_COMMA = YES;
				CLANG_WARN_CONSTANT_CONVERSION = YES;
				CLANG_WARN_DEPRECATED_OBJC_IMPLEMENTATIONS = YES;
				CLANG_WARN_DIRECT_OBJC_ISA_USAGE = YES_ERROR;
				CLANG_WARN_DOCUMENTATION_COMMENTS = YES;
				CLANG_WARN_EMPTY_BODY = YES;
				CLANG_WARN_ENUM_CONVERSION = YES;
				CLANG_WARN_INFINITE_RECURSION = YES;
				CLANG_WARN_INT_CONVERSION = YES;
				CLANG_WARN_NON_LITERAL_NULL_CONVERSION = YES;
				CLANG_WARN_OBJC_IMPLICIT_RETAIN_SELF = YES;
				CLANG_WARN_OBJC_LITERAL_CONVERSION = YES;
				CLANG_WARN_OBJC_ROOT_CLASS = YES_ERROR;
				CLANG_WARN_RANGE_LOOP_ANALYSIS = YES;
				CLANG_WARN_STRICT_PROTOTYPES = YES;
				CLANG_WARN_SUSPICIOUS_MOVE = YES;
				CLANG_WARN_UNGUARDED_AVAILABILITY = YES_AGGRESSIVE;
				CLANG_WARN_UNREACHABLE_CODE = YES;
				CLANG_WARN__DUPLICATE_METHOD_MATCH = YES;
				CODE_SIGN_IDENTITY = "iPhone Developer";
				COPY_PHASE_STRIP = NO;
				DEBUG_INFORMATION_FORMAT = "dwarf-with-dsym";
				ENABLE_NS_ASSERTIONS = NO;
				ENABLE_STRICT_OBJC_MSGSEND = YES;
				GCC_C_LANGUAGE_STANDARD = gnu11;
				GCC_NO_COMMON_BLOCKS = YES;
				GCC_WARN_64_TO_32_BIT_CONVERSION = YES;
				GCC_WARN_ABOUT_RETURN_TYPE = YES_ERROR;
				GCC_WARN_UNDECLARED_SELECTOR = YES;
				GCC_WARN_UNINITIALIZED_AUTOS = YES_AGGRESSIVE;
				GCC_WARN_UNUSED_FUNCTION = YES;
				GCC_WARN_UNUSED_VARIABLE = YES;
				IPHONEOS_DEPLOYMENT_TARGET = 12.1;
				MTL_ENABLE_DEBUG_INFO = NO;
				MTL_FAST_MATH = YES;
				SDKROOT = iphoneos;
				SWIFT_COMPILATION_MODE = wholemodule;
				SWIFT_OPTIMIZATION_LEVEL = "-O";
				VALIDATE_PRODUCT = YES;
			};
			name = Release;
		};
		00CD72AD2194CEAC0063DC56 /* Debug */ = {
			isa = XCBuildConfiguration;
			buildSettings = {
				ALWAYS_EMBED_SWIFT_STANDARD_LIBRARIES = YES;
				ASSETCATALOG_COMPILER_APPICON_NAME = AppIcon;
				CODE_SIGN_STYLE = Automatic;
				DEVELOPMENT_TEAM = 9V65ZY9UTX;
				INFOPLIST_FILE = ByteItApp/Info.plist;
				IPHONEOS_DEPLOYMENT_TARGET = 12.2;
				LD_RUNPATH_SEARCH_PATHS = (
					"$(inherited)",
					"@executable_path/Frameworks",
				);
				PRODUCT_BUNDLE_IDENTIFIER = com.fluid.MITMedia.ByteItApp;
				PRODUCT_NAME = "$(TARGET_NAME)";
				SWIFT_VERSION = 4.2;
				TARGETED_DEVICE_FAMILY = "1,2";
			};
			name = Debug;
		};
		00CD72AE2194CEAC0063DC56 /* Release */ = {
			isa = XCBuildConfiguration;
			buildSettings = {
				ALWAYS_EMBED_SWIFT_STANDARD_LIBRARIES = YES;
				ASSETCATALOG_COMPILER_APPICON_NAME = AppIcon;
				CODE_SIGN_STYLE = Automatic;
				DEVELOPMENT_TEAM = 9V65ZY9UTX;
				INFOPLIST_FILE = ByteItApp/Info.plist;
				IPHONEOS_DEPLOYMENT_TARGET = 12.2;
				LD_RUNPATH_SEARCH_PATHS = (
					"$(inherited)",
					"@executable_path/Frameworks",
				);
				PRODUCT_BUNDLE_IDENTIFIER = com.fluid.MITMedia.ByteItApp;
				PRODUCT_NAME = "$(TARGET_NAME)";
				SWIFT_VERSION = 4.2;
				TARGETED_DEVICE_FAMILY = "1,2";
			};
			name = Release;
		};
		00CD72B02194CEAC0063DC56 /* Debug */ = {
			isa = XCBuildConfiguration;
			buildSettings = {
				ALWAYS_EMBED_SWIFT_STANDARD_LIBRARIES = YES;
				BUNDLE_LOADER = "$(TEST_HOST)";
				CODE_SIGN_STYLE = Automatic;
				INFOPLIST_FILE = GestureiOSTests/Info.plist;
				LD_RUNPATH_SEARCH_PATHS = (
					"$(inherited)",
					"@executable_path/Frameworks",
					"@loader_path/Frameworks",
				);
				PRODUCT_BUNDLE_IDENTIFIER = com.ExoEar.GestureiOSTests;
				PRODUCT_NAME = "$(TARGET_NAME)";
				SWIFT_VERSION = 4.2;
				TARGETED_DEVICE_FAMILY = "1,2";
				TEST_HOST = "$(BUILT_PRODUCTS_DIR)/ByteItApp.app/ByteItApp";
			};
			name = Debug;
		};
		00CD72B12194CEAC0063DC56 /* Release */ = {
			isa = XCBuildConfiguration;
			buildSettings = {
				ALWAYS_EMBED_SWIFT_STANDARD_LIBRARIES = YES;
				BUNDLE_LOADER = "$(TEST_HOST)";
				CODE_SIGN_STYLE = Automatic;
				INFOPLIST_FILE = GestureiOSTests/Info.plist;
				LD_RUNPATH_SEARCH_PATHS = (
					"$(inherited)",
					"@executable_path/Frameworks",
					"@loader_path/Frameworks",
				);
				PRODUCT_BUNDLE_IDENTIFIER = com.ExoEar.GestureiOSTests;
				PRODUCT_NAME = "$(TARGET_NAME)";
				SWIFT_VERSION = 4.2;
				TARGETED_DEVICE_FAMILY = "1,2";
				TEST_HOST = "$(BUILT_PRODUCTS_DIR)/ByteItApp.app/ByteItApp";
			};
			name = Release;
		};
		00CD72B32194CEAC0063DC56 /* Debug */ = {
			isa = XCBuildConfiguration;
			buildSettings = {
				ALWAYS_EMBED_SWIFT_STANDARD_LIBRARIES = YES;
				CODE_SIGN_STYLE = Automatic;
				INFOPLIST_FILE = GestureiOSUITests/Info.plist;
				LD_RUNPATH_SEARCH_PATHS = (
					"$(inherited)",
					"@executable_path/Frameworks",
					"@loader_path/Frameworks",
				);
				PRODUCT_BUNDLE_IDENTIFIER = com.ExoEar.GestureiOSUITests;
				PRODUCT_NAME = "$(TARGET_NAME)";
				SWIFT_VERSION = 4.2;
				TARGETED_DEVICE_FAMILY = "1,2";
				TEST_TARGET_NAME = GestureiOS;
			};
			name = Debug;
		};
		00CD72B42194CEAC0063DC56 /* Release */ = {
			isa = XCBuildConfiguration;
			buildSettings = {
				ALWAYS_EMBED_SWIFT_STANDARD_LIBRARIES = YES;
				CODE_SIGN_STYLE = Automatic;
				INFOPLIST_FILE = GestureiOSUITests/Info.plist;
				LD_RUNPATH_SEARCH_PATHS = (
					"$(inherited)",
					"@executable_path/Frameworks",
					"@loader_path/Frameworks",
				);
				PRODUCT_BUNDLE_IDENTIFIER = com.ExoEar.GestureiOSUITests;
				PRODUCT_NAME = "$(TARGET_NAME)";
				SWIFT_VERSION = 4.2;
				TARGETED_DEVICE_FAMILY = "1,2";
				TEST_TARGET_NAME = GestureiOS;
			};
			name = Release;
		};
/* End XCBuildConfiguration section */

/* Begin XCConfigurationList section */
		00CD727C2194CEA00063DC56 /* Build configuration list for PBXProject "ByteItApp" */ = {
			isa = XCConfigurationList;
			buildConfigurations = (
				00CD72AA2194CEAC0063DC56 /* Debug */,
				00CD72AB2194CEAC0063DC56 /* Release */,
			);
			defaultConfigurationIsVisible = 0;
			defaultConfigurationName = Release;
		};
		00CD72AC2194CEAC0063DC56 /* Build configuration list for PBXNativeTarget "ByteItApp" */ = {
			isa = XCConfigurationList;
			buildConfigurations = (
				00CD72AD2194CEAC0063DC56 /* Debug */,
				00CD72AE2194CEAC0063DC56 /* Release */,
			);
			defaultConfigurationIsVisible = 0;
			defaultConfigurationName = Release;
		};
		00CD72AF2194CEAC0063DC56 /* Build configuration list for PBXNativeTarget "ByteItAppTests" */ = {
			isa = XCConfigurationList;
			buildConfigurations = (
				00CD72B02194CEAC0063DC56 /* Debug */,
				00CD72B12194CEAC0063DC56 /* Release */,
			);
			defaultConfigurationIsVisible = 0;
			defaultConfigurationName = Release;
		};
		00CD72B22194CEAC0063DC56 /* Build configuration list for PBXNativeTarget "ByteItAppUITests" */ = {
			isa = XCConfigurationList;
			buildConfigurations = (
				00CD72B32194CEAC0063DC56 /* Debug */,
				00CD72B42194CEAC0063DC56 /* Release */,
			);
			defaultConfigurationIsVisible = 0;
			defaultConfigurationName = Release;
		};
/* End XCConfigurationList section */

/* Begin XCVersionGroup section */
		FFACFCF02296231E0026E8BD /* ByteIt.xcdatamodeld */ = {
			isa = XCVersionGroup;
			children = (
				FFACFCF12296231E0026E8BD /* GestureiOS.xcdatamodel */,
			);
			currentVersion = FFACFCF12296231E0026E8BD /* GestureiOS.xcdatamodel */;
			path = ByteIt.xcdatamodeld;
			sourceTree = "<group>";
			versionGroupType = wrapper.xcdatamodel;
		};
/* End XCVersionGroup section */
	};
	rootObject = 00CD72792194CEA00063DC56 /* Project object */;
}
